// !$*UTF8*$!
{
	archiveVersion = 1;
	classes = {
	};
	objectVersion = 46;
	objects = {

/* Begin PBXBuildFile section */
		67A811FC1A9BD75E00397648 /* AppDelegate.swift in Sources */ = {isa = PBXBuildFile; fileRef = 67A811FB1A9BD75E00397648 /* AppDelegate.swift */; };
		67A812011A9BD75E00397648 /* Main.storyboard in Resources */ = {isa = PBXBuildFile; fileRef = 67A811FF1A9BD75E00397648 /* Main.storyboard */; };
		67A812031A9BD75F00397648 /* Images.xcassets in Resources */ = {isa = PBXBuildFile; fileRef = 67A812021A9BD75F00397648 /* Images.xcassets */; };
		67A812061A9BD75F00397648 /* LaunchScreen.xib in Resources */ = {isa = PBXBuildFile; fileRef = 67A812041A9BD75F00397648 /* LaunchScreen.xib */; };
		67A812121A9BD75F00397648 /* HappinessTests.swift in Sources */ = {isa = PBXBuildFile; fileRef = 67A812111A9BD75F00397648 /* HappinessTests.swift */; };
		67A8121C1A9BD86000397648 /* HappinessViewController.swift in Sources */ = {isa = PBXBuildFile; fileRef = 67A8121B1A9BD86000397648 /* HappinessViewController.swift */; };
		67A8121E1A9BD9AC00397648 /* FaceView.swift in Sources */ = {isa = PBXBuildFile; fileRef = 67A8121D1A9BD9AC00397648 /* FaceView.swift */; };
/* End PBXBuildFile section */

/* Begin PBXContainerItemProxy section */
		67A8120C1A9BD75F00397648 /* PBXContainerItemProxy */ = {
			isa = PBXContainerItemProxy;
			containerPortal = 67A811EE1A9BD75E00397648 /* Project object */;
			proxyType = 1;
			remoteGlobalIDString = 67A811F51A9BD75E00397648;
			remoteInfo = Happiness;
		};
/* End PBXContainerItemProxy section */

/* Begin PBXFileReference section */
		67A811F61A9BD75E00397648 /* Happiness.app */ = {isa = PBXFileReference; explicitFileType = wrapper.application; includeInIndex = 0; path = Happiness.app; sourceTree = BUILT_PRODUCTS_DIR; };
		67A811FA1A9BD75E00397648 /* Info.plist */ = {isa = PBXFileReference; lastKnownFileType = text.plist.xml; path = Info.plist; sourceTree = "<group>"; };
		67A811FB1A9BD75E00397648 /* AppDelegate.swift */ = {isa = PBXFileReference; lastKnownFileType = sourcecode.swift; path = AppDelegate.swift; sourceTree = "<group>"; };
		67A812001A9BD75E00397648 /* Base */ = {isa = PBXFileReference; lastKnownFileType = file.storyboard; name = Base; path = Base.lproj/Main.storyboard; sourceTree = "<group>"; };
		67A812021A9BD75F00397648 /* Images.xcassets */ = {isa = PBXFileReference; lastKnownFileType = folder.assetcatalog; path = Images.xcassets; sourceTree = "<group>"; };
		67A812051A9BD75F00397648 /* Base */ = {isa = PBXFileReference; lastKnownFileType = file.xib; name = Base; path = Base.lproj/LaunchScreen.xib; sourceTree = "<group>"; };
		67A8120B1A9BD75F00397648 /* HappinessTests.xctest */ = {isa = PBXFileReference; explicitFileType = wrapper.cfbundle; includeInIndex = 0; path = HappinessTests.xctest; sourceTree = BUILT_PRODUCTS_DIR; };
		67A812101A9BD75F00397648 /* Info.plist */ = {isa = PBXFileReference; lastKnownFileType = text.plist.xml; path = Info.plist; sourceTree = "<group>"; };
		67A812111A9BD75F00397648 /* HappinessTests.swift */ = {isa = PBXFileReference; lastKnownFileType = sourcecode.swift; path = HappinessTests.swift; sourceTree = "<group>"; };
		67A8121B1A9BD86000397648 /* HappinessViewController.swift */ = {isa = PBXFileReference; fileEncoding = 4; lastKnownFileType = sourcecode.swift; path = HappinessViewController.swift; sourceTree = SOURCE_ROOT; };
		67A8121D1A9BD9AC00397648 /* FaceView.swift */ = {isa = PBXFileReference; fileEncoding = 4; lastKnownFileType = sourcecode.swift; path = FaceView.swift; sourceTree = "<group>"; };
/* End PBXFileReference section */

/* Begin PBXFrameworksBuildPhase section */
		67A811F31A9BD75E00397648 /* Frameworks */ = {
			isa = PBXFrameworksBuildPhase;
			buildActionMask = 2147483647;
			files = (
			);
			runOnlyForDeploymentPostprocessing = 0;
		};
		67A812081A9BD75F00397648 /* Frameworks */ = {
			isa = PBXFrameworksBuildPhase;
			buildActionMask = 2147483647;
			files = (
			);
			runOnlyForDeploymentPostprocessing = 0;
		};
/* End PBXFrameworksBuildPhase section */

/* Begin PBXGroup section */
		67A811ED1A9BD75E00397648 = {
			isa = PBXGroup;
			children = (
				67A811F81A9BD75E00397648 /* Happiness */,
				67A8120E1A9BD75F00397648 /* HappinessTests */,
				67A811F71A9BD75E00397648 /* Products */,
			);
			sourceTree = "<group>";
		};
		67A811F71A9BD75E00397648 /* Products */ = {
			isa = PBXGroup;
			children = (
				67A811F61A9BD75E00397648 /* Happiness.app */,
				67A8120B1A9BD75F00397648 /* HappinessTests.xctest */,
			);
			name = Products;
			sourceTree = "<group>";
		};
		67A811F81A9BD75E00397648 /* Happiness */ = {
			isa = PBXGroup;
			children = (
				67A8121B1A9BD86000397648 /* HappinessViewController.swift */,
				67A811FF1A9BD75E00397648 /* Main.storyboard */,
				67A8121D1A9BD9AC00397648 /* FaceView.swift */,
				67A811F91A9BD75E00397648 /* Supporting Files */,
			);
			path = Happiness;
			sourceTree = "<group>";
		};
		67A811F91A9BD75E00397648 /* Supporting Files */ = {
			isa = PBXGroup;
			children = (
				67A811FB1A9BD75E00397648 /* AppDelegate.swift */,
				67A812021A9BD75F00397648 /* Images.xcassets */,
				67A812041A9BD75F00397648 /* LaunchScreen.xib */,
				67A811FA1A9BD75E00397648 /* Info.plist */,
			);
			name = "Supporting Files";
			sourceTree = "<group>";
		};
		67A8120E1A9BD75F00397648 /* HappinessTests */ = {
			isa = PBXGroup;
			children = (
				67A812111A9BD75F00397648 /* HappinessTests.swift */,
				67A8120F1A9BD75F00397648 /* Supporting Files */,
			);
			path = HappinessTests;
			sourceTree = "<group>";
		};
		67A8120F1A9BD75F00397648 /* Supporting Files */ = {
			isa = PBXGroup;
			children = (
				67A812101A9BD75F00397648 /* Info.plist */,
			);
			name = "Supporting Files";
			sourceTree = "<group>";
		};
/* End PBXGroup section */

/* Begin PBXNativeTarget section */
		67A811F51A9BD75E00397648 /* Happiness */ = {
			isa = PBXNativeTarget;
			buildConfigurationList = 67A812151A9BD75F00397648 /* Build configuration list for PBXNativeTarget "Happiness" */;
			buildPhases = (
				67A811F21A9BD75E00397648 /* Sources */,
				67A811F31A9BD75E00397648 /* Frameworks */,
				67A811F41A9BD75E00397648 /* Resources */,
			);
			buildRules = (
			);
			dependencies = (
			);
			name = Happiness;
			productName = Happiness;
			productReference = 67A811F61A9BD75E00397648 /* Happiness.app */;
			productType = "com.apple.product-type.application";
		};
		67A8120A1A9BD75F00397648 /* HappinessTests */ = {
			isa = PBXNativeTarget;
			buildConfigurationList = 67A812181A9BD75F00397648 /* Build configuration list for PBXNativeTarget "HappinessTests" */;
			buildPhases = (
				67A812071A9BD75F00397648 /* Sources */,
				67A812081A9BD75F00397648 /* Frameworks */,
				67A812091A9BD75F00397648 /* Resources */,
			);
			buildRules = (
			);
			dependencies = (
				67A8120D1A9BD75F00397648 /* PBXTargetDependency */,
			);
			name = HappinessTests;
			productName = HappinessTests;
			productReference = 67A8120B1A9BD75F00397648 /* HappinessTests.xctest */;
			productType = "com.apple.product-type.bundle.unit-test";
		};
/* End PBXNativeTarget section */

/* Begin PBXProject section */
		67A811EE1A9BD75E00397648 /* Project object */ = {
			isa = PBXProject;
			attributes = {
				LastUpgradeCheck = 0610;
				ORGANIZATIONNAME = hevil;
				TargetAttributes = {
					67A811F51A9BD75E00397648 = {
						CreatedOnToolsVersion = 6.1.1;
					};
					67A8120A1A9BD75F00397648 = {
						CreatedOnToolsVersion = 6.1.1;
						TestTargetID = 67A811F51A9BD75E00397648;
					};
				};
			};
			buildConfigurationList = 67A811F11A9BD75E00397648 /* Build configuration list for PBXProject "Happiness" */;
			compatibilityVersion = "Xcode 3.2";
			developmentRegion = English;
			hasScannedForEncodings = 0;
			knownRegions = (
				en,
				Base,
			);
			mainGroup = 67A811ED1A9BD75E00397648;
			productRefGroup = 67A811F71A9BD75E00397648 /* Products */;
			projectDirPath = "";
			projectRoot = "";
			targets = (
				67A811F51A9BD75E00397648 /* Happiness */,
				67A8120A1A9BD75F00397648 /* HappinessTests */,
			);
		};
/* End PBXProject section */

/* Begin PBXResourcesBuildPhase section */
		67A811F41A9BD75E00397648 /* Resources */ = {
			isa = PBXResourcesBuildPhase;
			buildActionMask = 2147483647;
			files = (
				67A812011A9BD75E00397648 /* Main.storyboard in Resources */,
				67A812061A9BD75F00397648 /* LaunchScreen.xib in Resources */,
				67A812031A9BD75F00397648 /* Images.xcassets in Resources */,
			);
			runOnlyForDeploymentPostprocessing = 0;
		};
		67A812091A9BD75F00397648 /* Resources */ = {
			isa = PBXResourcesBuildPhase;
			buildActionMask = 2147483647;
			files = (
			);
			runOnlyForDeploymentPostprocessing = 0;
		};
/* End PBXResourcesBuildPhase section */

/* Begin PBXSourcesBuildPhase section */
		67A811F21A9BD75E00397648 /* Sources */ = {
			isa = PBXSourcesBuildPhase;
			buildActionMask = 2147483647;
			files = (
				67A8121C1A9BD86000397648 /* HappinessViewController.swift in Sources */,
				67A811FC1A9BD75E00397648 /* AppDelegate.swift in Sources */,
				67A8121E1A9BD9AC00397648 /* FaceView.swift in Sources */,
			);
			runOnlyForDeploymentPostprocessing = 0;
		};
		67A812071A9BD75F00397648 /* Sources */ = {
			isa = PBXSourcesBuildPhase;
			buildActionMask = 2147483647;
			files = (
				67A812121A9BD75F00397648 /* HappinessTests.swift in Sources */,
			);
			runOnlyForDeploymentPostprocessing = 0;
		};
/* End PBXSourcesBuildPhase section */

/* Begin PBXTargetDependency section */
		67A8120D1A9BD75F00397648 /* PBXTargetDependency */ = {
			isa = PBXTargetDependency;
			target = 67A811F51A9BD75E00397648 /* Happiness */;
			targetProxy = 67A8120C1A9BD75F00397648 /* PBXContainerItemProxy */;
		};
/* End PBXTargetDependency section */

/* Begin PBXVariantGroup section */
		67A811FF1A9BD75E00397648 /* Main.storyboard */ = {
			isa = PBXVariantGroup;
			children = (
				67A812001A9BD75E00397648 /* Base */,
			);
			name = Main.storyboard;
			sourceTree = "<group>";
		};
		67A812041A9BD75F00397648 /* LaunchScreen.xib */ = {
			isa = PBXVariantGroup;
			children = (
				67A812051A9BD75F00397648 /* Base */,
			);
			name = LaunchScreen.xib;
			sourceTree = "<group>";
		};
/* End PBXVariantGroup section */

/* Begin XCBuildConfiguration section */
		67A812131A9BD75F00397648 /* Debug */ = {
			isa = XCBuildConfiguration;
			buildSettings = {
				ALWAYS_SEARCH_USER_PATHS = NO;
				CLANG_CXX_LANGUAGE_STANDARD = "gnu++0x";
				CLANG_CXX_LIBRARY = "libc++";
				CLANG_ENABLE_MODULES = YES;
				CLANG_ENABLE_OBJC_ARC = YES;
				CLANG_WARN_BOOL_CONVERSION = YES;
				CLANG_WARN_CONSTANT_CONVERSION = YES;
				CLANG_WARN_DIRECT_OBJC_ISA_USAGE = YES_ERROR;
				CLANG_WARN_EMPTY_BODY = YES;
				CLANG_WARN_ENUM_CONVERSION = YES;
				CLANG_WARN_INT_CONVERSION = YES;
				CLANG_WARN_OBJC_ROOT_CLASS = YES_ERROR;
				CLANG_WARN_UNREACHABLE_CODE = YES;
				CLANG_WARN__DUPLICATE_METHOD_MATCH = YES;
				"CODE_SIGN_IDENTITY[sdk=iphoneos*]" = "iPhone Developer";
				COPY_PHASE_STRIP = NO;
				ENABLE_STRICT_OBJC_MSGSEND = YES;
				GCC_C_LANGUAGE_STANDARD = gnu99;
				GCC_DYNAMIC_NO_PIC = NO;
				GCC_OPTIMIZATION_LEVEL = 0;
				GCC_PREPROCESSOR_DEFINITIONS = (
					"DEBUG=1",
					"$(inherited)",
				);
				GCC_SYMBOLS_PRIVATE_EXTERN = NO;
				GCC_WARN_64_TO_32_BIT_CONVERSION = YES;
				GCC_WARN_ABOUT_RETURN_TYPE = YES_ERROR;
				GCC_WARN_UNDECLARED_SELECTOR = YES;
				GCC_WARN_UNINITIALIZED_AUTOS = YES_AGGRESSIVE;
				GCC_WARN_UNUSED_FUNCTION = YES;
				GCC_WARN_UNUSED_VARIABLE = YES;
				IPHONEOS_DEPLOYMENT_TARGET = 8.1;
				MTL_ENABLE_DEBUG_INFO = YES;
				ONLY_ACTIVE_ARCH = YES;
				SDKROOT = iphoneos;
				SWIFT_OPTIMIZATION_LEVEL = "-Onone";
				TARGETED_DEVICE_FAMILY = "1,2";
			};
			name = Debug;
		};
		67A812141A9BD75F00397648 /* Release */ = {
			isa = XCBuildConfiguration;
			buildSettings = {
				ALWAYS_SEARCH_USER_PATHS = NO;
				CLANG_CXX_LANGUAGE_STANDARD = "gnu++0x";
				CLANG_CXX_LIBRARY = "libc++";
				CLANG_ENABLE_MODULES = YES;
				CLANG_ENABLE_OBJC_ARC = YES;
				CLANG_WARN_BOOL_CONVERSION = YES;
				CLANG_WARN_CONSTANT_CONVERSION = YES;
				CLANG_WARN_DIRECT_OBJC_ISA_USAGE = YES_ERROR;
				CLANG_WARN_EMPTY_BODY = YES;
				CLANG_WARN_ENUM_CONVERSION = YES;
				CLANG_WARN_INT_CONVERSION = YES;
				CLANG_WARN_OBJC_ROOT_CLASS = YES_ERROR;
				CLANG_WARN_UNREACHABLE_CODE = YES;
				CLANG_WARN__DUPLICATE_METHOD_MATCH = YES;
				"CODE_SIGN_IDENTITY[sdk=iphoneos*]" = "iPhone Developer";
				COPY_PHASE_STRIP = YES;
				ENABLE_NS_ASSERTIONS = NO;
				ENABLE_STRICT_OBJC_MSGSEND = YES;
				GCC_C_LANGUAGE_STANDARD = gnu99;
				GCC_WARN_64_TO_32_BIT_CONVERSION = YES;
				GCC_WARN_ABOUT_RETURN_TYPE = YES_ERROR;
				GCC_WARN_UNDECLARED_SELECTOR = YES;
				GCC_WARN_UNINITIALIZED_AUTOS = YES_AGGRESSIVE;
				GCC_WARN_UNUSED_FUNCTION = YES;
				GCC_WARN_UNUSED_VARIABLE = YES;
				IPHONEOS_DEPLOYMENT_TARGET = 8.1;
				MTL_ENABLE_DEBUG_INFO = NO;
				SDKROOT = iphoneos;
				TARGETED_DEVICE_FAMILY = "1,2";
				VALIDATE_PRODUCT = YES;
			};
			name = Release;
		};
		67A812161A9BD75F00397648 /* Debug */ = {
			isa = XCBuildConfiguration;
			buildSettings = {
				ASSETCATALOG_COMPILER_APPICON_NAME = AppIcon;
				INFOPLIST_FILE = Happiness/Info.plist;
				LD_RUNPATH_SEARCH_PATHS = "$(inherited) @executable_path/Frameworks";
				PRODUCT_NAME = "$(TARGET_NAME)";
			};
			name = Debug;
		};
		67A812171A9BD75F00397648 /* Release */ = {
			isa = XCBuildConfiguration;
			buildSettings = {
				ASSETCATALOG_COMPILER_APPICON_NAME = AppIcon;
				INFOPLIST_FILE = Happiness/Info.plist;
				LD_RUNPATH_SEARCH_PATHS = "$(inherited) @executable_path/Frameworks";
				PRODUCT_NAME = "$(TARGET_NAME)";
			};
			name = Release;
		};
		67A812191A9BD75F00397648 /* Debug */ = {
			isa = XCBuildConfiguration;
			buildSettings = {
				BUNDLE_LOADER = "$(TEST_HOST)";
				FRAMEWORK_SEARCH_PATHS = (
					"$(SDKROOT)/Developer/Library/Frameworks",
					"$(inherited)",
				);
				GCC_PREPROCESSOR_DEFINITIONS = (
					"DEBUG=1",
					"$(inherited)",
				);
				INFOPLIST_FILE = HappinessTests/Info.plist;
				LD_RUNPATH_SEARCH_PATHS = "$(inherited) @executable_path/Frameworks @loader_path/Frameworks";
				PRODUCT_NAME = "$(TARGET_NAME)";
				TEST_HOST = "$(BUILT_PRODUCTS_DIR)/Happiness.app/Happiness";
			};
			name = Debug;
		};
		67A8121A1A9BD75F00397648 /* Release */ = {
			isa = XCBuildConfiguration;
			buildSettings = {
				BUNDLE_LOADER = "$(TEST_HOST)";
				FRAMEWORK_SEARCH_PATHS = (
					"$(SDKROOT)/Developer/Library/Frameworks",
					"$(inherited)",
				);
				INFOPLIST_FILE = HappinessTests/Info.plist;
				LD_RUNPATH_SEARCH_PATHS = "$(inherited) @executable_path/Frameworks @loader_path/Frameworks";
				PRODUCT_NAME = "$(TARGET_NAME)";
				TEST_HOST = "$(BUILT_PRODUCTS_DIR)/Happiness.app/Happiness";
			};
			name = Release;
		};
/* End XCBuildConfiguration section */

/* Begin XCConfigurationList section */
		67A811F11A9BD75E00397648 /* Build configuration list for PBXProject "Happiness" */ = {
			isa = XCConfigurationList;
			buildConfigurations = (
				67A812131A9BD75F00397648 /* Debug */,
				67A812141A9BD75F00397648 /* Release */,
			);
			defaultConfigurationIsVisible = 0;
			defaultConfigurationName = Release;
		};
		67A812151A9BD75F00397648 /* Build configuration list for PBXNativeTarget "Happiness" */ = {
			isa = XCConfigurationList;
			buildConfigurations = (
				67A812161A9BD75F00397648 /* Debug */,
				67A812171A9BD75F00397648 /* Release */,
			);
			defaultConfigurationIsVisible = 0;
		};
		67A812181A9BD75F00397648 /* Build configuration list for PBXNativeTarget "HappinessTests" */ = {
			isa = XCConfigurationList;
			buildConfigurations = (
				67A812191A9BD75F00397648 /* Debug */,
				67A8121A1A9BD75F00397648 /* Release */,
			);
			defaultConfigurationIsVisible = 0;
		};
/* End XCConfigurationList section */
	};
	rootObject = 67A811EE1A9BD75E00397648 /* Project object */;
}
